hash: 7c98152f782567d11d6f6e41e568f30cd2ba6402994c6a3eb30cf924c1d9ccaa
updated: 2016-03-10T21:50:59.018727193-05:00
imports:
- name: github.com/cloudfoundry-community/go-cfenv
  version: b4bebec47a425334d2a076cf99329464c9e611f3
- name: github.com/go-sql-driver/mysql
  version: 66312f7fe2678aa0f5ec770f96702f4c4ec5aa8e
- name: github.com/gorilla/context
  version: 1c83b3eabd45b6d76072b66b746c20815fb2872d
- name: github.com/gorilla/mux
  version: 26a6070f849969ba72b72256e9f14cf519751690
- name: github.com/jinzhu/gorm
  version: 1819dda80ab0963da3ec38f484264c1cab543786
- name: github.com/jinzhu/inflection
  version: 3272df6c21d04180007eb3349844c89a3856bc25
- name: github.com/mitchellh/mapstructure
  version: 740c764bc6149d3f1806231418adb9f52c11bcbf
- name: github.com/onsi/ginkgo
  version: 4e965bd136569a9db429768a24b5789b473c8e31
  subpackages:
  - config
  - internal/codelocation
  - internal/failer
  - internal/remote
  - internal/suite
  - internal/testingtproxy
  - internal/writer
  - reporters
  - reporters/stenographer
  - types
  - internal/containernode
  - internal/leafnodes
  - internal/spec
  - internal/specrunner
- name: github.com/onsi/gomega
  version: 91ddcd2375dd05fecea5eabf7a8f86332de756f4
  subpackages:
  - internal/assertion
  - internal/asyncassertion
  - internal/testingtsupport
  - matchers
  - types
  - format
  - matchers/support/goraph/bipartitegraph
  - matchers/support/goraph/edge
  - matchers/support/goraph/node
  - matchers/support/goraph/util
- name: github.com/op/go-logging
  version: f9dfb79d4f4eb950e6bb3ca5660e3c31cac8f02c
- name: github.com/pivotal-cf/brokerapi
  version: 4e5eff796f401f6188371ecc37311e579113483d
  subpackages:
  - auth
- name: github.com/pivotal-golang/lager
  version: 95b2ada4cdf781bdcf07e5207879e034ac8c5314
- name: github.com/robfig/cron
  version: 32d9c273155a0506d27cf73dd1246e86a470997e
- name: github.com/xchapter7x/chaospeddler
  version: 70c57a675a9fab26a1803a50d0e5a469b505ad17
  subpackages:
  - service_broker
- name: github.com/xchapter7x/cloudcontroller-client
  version: 27896811a22849ade4d3b738fd2d41e8a2b61407
- name: github.com/xchapter7x/lo
  version: aa2602d0e8e8647f0ce7b53109b37040941915aa
- name: gopkg.in/tomb.v2
  version: 14b3d72120e8d10ea6e6b7f87f7175734b1faab8
devImports: []
